// !$*UTF8*$!
{
	archiveVersion = 1;
	classes = {
	};
	objectVersion = 46;
	objects = {

/* Begin PBXBuildFile section */
		719E033F1FC89C2800B004A9 /* AppDelegate.swift in Sources */ = {isa = PBXBuildFile; fileRef = 719E033E1FC89C2800B004A9 /* AppDelegate.swift */; };
		719E03411FC89C2800B004A9 /* RedViewController.swift in Sources */ = {isa = PBXBuildFile; fileRef = 719E03401FC89C2800B004A9 /* RedViewController.swift */; };
		719E03441FC89C2800B004A9 /* Main.storyboard in Resources */ = {isa = PBXBuildFile; fileRef = 719E03421FC89C2800B004A9 /* Main.storyboard */; };
		719E03461FC89C2800B004A9 /* Assets.xcassets in Resources */ = {isa = PBXBuildFile; fileRef = 719E03451FC89C2800B004A9 /* Assets.xcassets */; };
		719E03491FC89C2800B004A9 /* LaunchScreen.storyboard in Resources */ = {isa = PBXBuildFile; fileRef = 719E03471FC89C2800B004A9 /* LaunchScreen.storyboard */; };
		719E03651FCC957100B004A9 /* OrangeViewController.swift in Sources */ = {isa = PBXBuildFile; fileRef = 719E03641FCC957100B004A9 /* OrangeViewController.swift */; };
		719E03671FCC959F00B004A9 /* YellowViewController.swift in Sources */ = {isa = PBXBuildFile; fileRef = 719E03661FCC959F00B004A9 /* YellowViewController.swift */; };
		719E03691FCCD07900B004A9 /* GreyViewController.swift in Sources */ = {isa = PBXBuildFile; fileRef = 719E03681FCCD07900B004A9 /* GreyViewController.swift */; };
/* End PBXBuildFile section */

/* Begin PBXFileReference section */
		719E033B1FC89C2800B004A9 /* RainbowTabs.app */ = {isa = PBXFileReference; explicitFileType = wrapper.application; includeInIndex = 0; path = RainbowTabs.app; sourceTree = BUILT_PRODUCTS_DIR; };
		719E033E1FC89C2800B004A9 /* AppDelegate.swift */ = {isa = PBXFileReference; lastKnownFileType = sourcecode.swift; path = AppDelegate.swift; sourceTree = "<group>"; };
		719E03401FC89C2800B004A9 /* RedViewController.swift */ = {isa = PBXFileReference; lastKnownFileType = sourcecode.swift; path = RedViewController.swift; sourceTree = "<group>"; };
		719E03431FC89C2800B004A9 /* Base */ = {isa = PBXFileReference; lastKnownFileType = file.storyboard; name = Base; path = Base.lproj/Main.storyboard; sourceTree = "<group>"; };
		719E03451FC89C2800B004A9 /* Assets.xcassets */ = {isa = PBXFileReference; lastKnownFileType = folder.assetcatalog; path = Assets.xcassets; sourceTree = "<group>"; };
		719E03481FC89C2800B004A9 /* Base */ = {isa = PBXFileReference; lastKnownFileType = file.storyboard; name = Base; path = Base.lproj/LaunchScreen.storyboard; sourceTree = "<group>"; };
		719E034A1FC89C2800B004A9 /* Info.plist */ = {isa = PBXFileReference; lastKnownFileType = text.plist.xml; path = Info.plist; sourceTree = "<group>"; };
		719E03641FCC957100B004A9 /* OrangeViewController.swift */ = {isa = PBXFileReference; fileEncoding = 4; lastKnownFileType = sourcecode.swift; path = OrangeViewController.swift; sourceTree = "<group>"; };
		719E03661FCC959F00B004A9 /* YellowViewController.swift */ = {isa = PBXFileReference; fileEncoding = 4; lastKnownFileType = sourcecode.swift; path = YellowViewController.swift; sourceTree = "<group>"; };
		719E03681FCCD07900B004A9 /* GreyViewController.swift */ = {isa = PBXFileReference; fileEncoding = 4; lastKnownFileType = sourcecode.swift; path = GreyViewController.swift; sourceTree = "<group>"; };
/* End PBXFileReference section */

/* Begin PBXFrameworksBuildPhase section */
		719E03381FC89C2800B004A9 /* Frameworks */ = {
			isa = PBXFrameworksBuildPhase;
			buildActionMask = 2147483647;
			files = (
			);
			runOnlyForDeploymentPostprocessing = 0;
		};
/* End PBXFrameworksBuildPhase section */

/* Begin PBXGroup section */
		719E03321FC89C2800B004A9 = {
			isa = PBXGroup;
			children = (
				719E033D1FC89C2800B004A9 /* RainbowTabs */,
				719E033C1FC89C2800B004A9 /* Products */,
			);
			sourceTree = "<group>";
		};
		719E033C1FC89C2800B004A9 /* Products */ = {
			isa = PBXGroup;
			children = (
				719E033B1FC89C2800B004A9 /* RainbowTabs.app */,
			);
			name = Products;
			sourceTree = "<group>";
		};
		719E033D1FC89C2800B004A9 /* RainbowTabs */ = {
			isa = PBXGroup;
			children = (
				719E033E1FC89C2800B004A9 /* AppDelegate.swift */,
				719E03401FC89C2800B004A9 /* RedViewController.swift */,
				719E03421FC89C2800B004A9 /* Main.storyboard */,
				719E03681FCCD07900B004A9 /* GreyViewController.swift */,
				719E03661FCC959F00B004A9 /* YellowViewController.swift */,
				719E03641FCC957100B004A9 /* OrangeViewController.swift */,
				719E03451FC89C2800B004A9 /* Assets.xcassets */,
				719E03471FC89C2800B004A9 /* LaunchScreen.storyboard */,
				719E034A1FC89C2800B004A9 /* Info.plist */,
			);
			path = RainbowTabs;
			sourceTree = "<group>";
		};
/* End PBXGroup section */

/* Begin PBXNativeTarget section */
		719E033A1FC89C2800B004A9 /* RainbowTabs */ = {
			isa = PBXNativeTarget;
			buildConfigurationList = 719E034D1FC89C2800B004A9 /* Build configuration list for PBXNativeTarget "RainbowTabs" */;
			buildPhases = (
				719E03371FC89C2800B004A9 /* Sources */,
				719E03381FC89C2800B004A9 /* Frameworks */,
				719E03391FC89C2800B004A9 /* Resources */,
			);
			buildRules = (
			);
			dependencies = (
			);
			name = RainbowTabs;
			productName = RainbowTabs;
			productReference = 719E033B1FC89C2800B004A9 /* RainbowTabs.app */;
			productType = "com.apple.product-type.application";
		};
/* End PBXNativeTarget section */

/* Begin PBXProject section */
		719E03331FC89C2800B004A9 /* Project object */ = {
			isa = PBXProject;
			attributes = {
				LastSwiftUpdateCheck = 0820;
				LastUpgradeCheck = 0820;
				ORGANIZATIONNAME = martynov;
				TargetAttributes = {
					719E033A1FC89C2800B004A9 = {
						CreatedOnToolsVersion = 8.2.1;
						DevelopmentTeam = 7YPNN524J3;
						ProvisioningStyle = Automatic;
					};
				};
			};
			buildConfigurationList = 719E03361FC89C2800B004A9 /* Build configuration list for PBXProject "RainbowTabs" */;
			compatibilityVersion = "Xcode 3.2";
			developmentRegion = English;
			hasScannedForEncodings = 0;
			knownRegions = (
				en,
				Base,
			);
			mainGroup = 719E03321FC89C2800B004A9;
			productRefGroup = 719E033C1FC89C2800B004A9 /* Products */;
			projectDirPath = "";
			projectRoot = "";
			targets = (
				719E033A1FC89C2800B004A9 /* RainbowTabs */,
			);
		};
/* End PBXProject section */

/* Begin PBXResourcesBuildPhase section */
		719E03391FC89C2800B004A9 /* Resources */ = {
			isa = PBXResourcesBuildPhase;
			buildActionMask = 2147483647;
			files = (
				719E03491FC89C2800B004A9 /* LaunchScreen.storyboard in Resources */,
				719E03461FC89C2800B004A9 /* Assets.xcassets in Resources */,
				719E03441FC89C2800B004A9 /* Main.storyboard in Resources */,
			);
			runOnlyForDeploymentPostprocessing = 0;
		};
/* End PBXResourcesBuildPhase section */

/* Begin PBXSourcesBuildPhase section */
		719E03371FC89C2800B004A9 /* Sources */ = {
			isa = PBXSourcesBuildPhase;
			buildActionMask = 2147483647;
			files = (
				719E03671FCC959F00B004A9 /* YellowViewController.swift in Sources */,
				719E03691FCCD07900B004A9 /* GreyViewController.swift in Sources */,
				719E03411FC89C2800B004A9 /* RedViewController.swift in Sources */,
				719E033F1FC89C2800B004A9 /* AppDelegate.swift in Sources */,
				719E03651FCC957100B004A9 /* OrangeViewController.swift in Sources */,
			);
			runOnlyForDeploymentPostprocessing = 0;
		};
/* End PBXSourcesBuildPhase section */

/* Begin PBXVariantGroup section */
		719E03421FC89C2800B004A9 /* Main.storyboard */ = {
			isa = PBXVariantGroup;
			children = (
				719E03431FC89C2800B004A9 /* Base */,
			);
			name = Main.storyboard;
			sourceTree = "<group>";
		};
		719E03471FC89C2800B004A9 /* LaunchScreen.storyboard */ = {
			isa = PBXVariantGroup;
			children = (
				719E03481FC89C2800B004A9 /* Base */,
			);
			name = LaunchScreen.storyboard;
			sourceTree = "<group>";
		};
/* End PBXVariantGroup section */

/* Begin XCBuildConfiguration section */
		719E034B1FC89C2800B004A9 /* Debug */ = {
			isa = XCBuildConfiguration;
			buildSettings = {
				ALWAYS_SEARCH_USER_PATHS = NO;
				CLANG_ANALYZER_NONNULL = YES;
				CLANG_CXX_LANGUAGE_STANDARD = "gnu++0x";
				CLANG_CXX_LIBRARY = "libc++";
				CLANG_ENABLE_MODULES = YES;
				CLANG_ENABLE_OBJC_ARC = YES;
				CLANG_WARN_BOOL_CONVERSION = YES;
				CLANG_WARN_CONSTANT_CONVERSION = YES;
				CLANG_WARN_DIRECT_OBJC_ISA_USAGE = YES_ERROR;
				CLANG_WARN_DOCUMENTATION_COMMENTS = YES;
				CLANG_WARN_EMPTY_BODY = YES;
				CLANG_WARN_ENUM_CONVERSION = YES;
				CLANG_WARN_INFINITE_RECURSION = YES;
				CLANG_WARN_INT_CONVERSION = YES;
				CLANG_WARN_OBJC_ROOT_CLASS = YES_ERROR;
				CLANG_WARN_SUSPICIOUS_MOVE = YES;
				CLANG_WARN_UNREACHABLE_CODE = YES;
				CLANG_WARN__DUPLICATE_METHOD_MATCH = YES;
				"CODE_SIGN_IDENTITY[sdk=iphoneos*]" = "iPhone Developer";
				COPY_PHASE_STRIP = NO;
				DEBUG_INFORMATION_FORMAT = dwarf;
				ENABLE_STRICT_OBJC_MSGSEND = YES;
				ENABLE_TESTABILITY = YES;
				GCC_C_LANGUAGE_STANDARD = gnu99;
				GCC_DYNAMIC_NO_PIC = NO;
				GCC_NO_COMMON_BLOCKS = YES;
				GCC_OPTIMIZATION_LEVEL = 0;
				GCC_PREPROCESSOR_DEFINITIONS = (
					"DEBUG=1",
					"$(inherited)",
				);
				GCC_WARN_64_TO_32_BIT_CONVERSION = YES;
				GCC_WARN_ABOUT_RETURN_TYPE = YES_ERROR;
				GCC_WARN_UNDECLARED_SELECTOR = YES;
				GCC_WARN_UNINITIALIZED_AUTOS = YES_AGGRESSIVE;
				GCC_WARN_UNUSED_FUNCTION = YES;
				GCC_WARN_UNUSED_VARIABLE = YES;
				IPHONEOS_DEPLOYMENT_TARGET = 10.2;
				MTL_ENABLE_DEBUG_INFO = YES;
				ONLY_ACTIVE_ARCH = YES;
				SDKROOT = iphoneos;
				SWIFT_ACTIVE_COMPILATION_CONDITIONS = DEBUG;
				SWIFT_OPTIMIZATION_LEVEL = "-Onone";
				TARGETED_DEVICE_FAMILY = "1,2";
			};
			name = Debug;
		};
		719E034C1FC89C2800B004A9 /* Release */ = {
			isa = XCBuildConfiguration;
			buildSettings = {
				ALWAYS_SEARCH_USER_PATHS = NO;
				CLANG_ANALYZER_NONNULL = YES;
				CLANG_CXX_LANGUAGE_STANDARD = "gnu++0x";
				CLANG_CXX_LIBRARY = "libc++";
				CLANG_ENABLE_MODULES = YES;
				CLANG_ENABLE_OBJC_ARC = YES;
				CLANG_WARN_BOOL_CONVERSION = YES;
				CLANG_WARN_CONSTANT_CONVERSION = YES;
				CLANG_WARN_DIRECT_OBJC_ISA_USAGE = YES_ERROR;
				CLANG_WARN_DOCUMENTATION_COMMENTS = YES;
				CLANG_WARN_EMPTY_BODY = YES;
				CLANG_WARN_ENUM_CONVERSION = YES;
				CLANG_WARN_INFINITE_RECURSION = YES;
				CLANG_WARN_INT_CONVERSION = YES;
				CLANG_WARN_OBJC_ROOT_CLASS = YES_ERROR;
				CLANG_WARN_SUSPICIOUS_MOVE = YES;
				CLANG_WARN_UNREACHABLE_CODE = YES;
				CLANG_WARN__DUPLICATE_METHOD_MATCH = YES;
				"CODE_SIGN_IDENTITY[sdk=iphoneos*]" = "iPhone Developer";
				COPY_PHASE_STRIP = NO;
				DEBUG_INFORMATION_FORMAT = "dwarf-with-dsym";
				ENABLE_NS_ASSERTIONS = NO;
				ENABLE_STRICT_OBJC_MSGSEND = YES;
				GCC_C_LANGUAGE_STANDARD = gnu99;
				GCC_NO_COMMON_BLOCKS = YES;
				GCC_WARN_64_TO_32_BIT_CONVERSION = YES;
				GCC_WARN_ABOUT_RETURN_TYPE = YES_ERROR;
				GCC_WARN_UNDECLARED_SELECTOR = YES;
				GCC_WARN_UNINITIALIZED_AUTOS = YES_AGGRESSIVE;
				GCC_WARN_UNUSED_FUNCTION = YES;
				GCC_WARN_UNUSED_VARIABLE = YES;
				IPHONEOS_DEPLOYMENT_TARGET = 10.2;
				MTL_ENABLE_DEBUG_INFO = NO;
				SDKROOT = iphoneos;
				SWIFT_OPTIMIZATION_LEVEL = "-Owholemodule";
				TARGETED_DEVICE_FAMILY = "1,2";
				VALIDATE_PRODUCT = YES;
			};
			name = Release;
		};
		719E034E1FC89C2800B004A9 /* Debug */ = {
			isa = XCBuildConfiguration;
			buildSettings = {
				ASSETCATALOG_COMPILER_APPICON_NAME = AppIcon;
				DEVELOPMENT_TEAM = 7YPNN524J3;
				INFOPLIST_FILE = RainbowTabs/Info.plist;
				LD_RUNPATH_SEARCH_PATHS = "$(inherited) @executable_path/Frameworks";
				PRODUCT_BUNDLE_IDENTIFIER = com.example.RainbowTabs;
				PRODUCT_NAME = "$(TARGET_NAME)";
				SWIFT_VERSION = 3.0;
			};
			name = Debug;
		};
		719E034F1FC89C2800B004A9 /* Release */ = {
			isa = XCBuildConfiguration;
			buildSettings = {
				ASSETCATALOG_COMPILER_APPICON_NAME = AppIcon;
				DEVELOPMENT_TEAM = 7YPNN524J3;
				INFOPLIST_FILE = RainbowTabs/Info.plist;
				LD_RUNPATH_SEARCH_PATHS = "$(inherited) @executable_path/Frameworks";
				PRODUCT_BUNDLE_IDENTIFIER = com.example.RainbowTabs;
				PRODUCT_NAME = "$(TARGET_NAME)";
				SWIFT_VERSION = 3.0;
			};
			name = Release;
		};
/* End XCBuildConfiguration section */

/* Begin XCConfigurationList section */
		719E03361FC89C2800B004A9 /* Build configuration list for PBXProject "RainbowTabs" */ = {
			isa = XCConfigurationList;
			buildConfigurations = (
				719E034B1FC89C2800B004A9 /* Debug */,
				719E034C1FC89C2800B004A9 /* Release */,
			);
			defaultConfigurationIsVisible = 0;
			defaultConfigurationName = Release;
		};
		719E034D1FC89C2800B004A9 /* Build configuration list for PBXNativeTarget "RainbowTabs" */ = {
			isa = XCConfigurationList;
			buildConfigurations = (
				719E034E1FC89C2800B004A9 /* Debug */,
				719E034F1FC89C2800B004A9 /* Release */,
			);
			defaultConfigurationIsVisible = 0;
		};
/* End XCConfigurationList section */
	};
	rootObject = 719E03331FC89C2800B004A9 /* Project object */;
}
